
Microsoft Visual Studio Solution File, Format Version 12.00
# Visual Studio Version 17
VisualStudioVersion = 17.8.34601.278
MinimumVisualStudioVersion = 10.0.40219.1
Project("{9A19103F-16F7-4668-BE54-9A1E7A4F7556}") = "Nagybeadando", "Nagybeadando.csproj", "{59722E87-4422-4B03-8656-1D7A91526E51}"
EndProject
Project("{FAE04EC0-301F-11D3-BF4B-00C04F79EFBC}") = "NagybeadandoTest", "..\NagybeadandoTest\NagybeadandoTest.csproj", "{9BF26030-03D8-4EF4-8FE6-A5AD19F04993}"
EndProject
Global
	GlobalSection(SolutionConfigurationPlatforms) = preSolution
		Debug|Any CPU = Debug|Any CPU
		Release|Any CPU = Release|Any CPU
	EndGlobalSection
	GlobalSection(ProjectConfigurationPlatforms) = postSolution
		{59722E87-4422-4B03-8656-1D7A91526E51}.Debug|Any CPU.ActiveCfg = Debug|Any CPU
		{59722E87-4422-4B03-8656-1D7A91526E51}.Debug|Any CPU.Build.0 = Debug|Any CPU
		{59722E87-4422-4B03-8656-1D7A91526E51}.Release|Any CPU.ActiveCfg = Release|Any CPU
		{59722E87-4422-4B03-8656-1D7A91526E51}.Release|Any CPU.Build.0 = Release|Any CPU
		{9BF26030-03D8-4EF4-8FE6-A5AD19F04993}.Debug|Any CPU.ActiveCfg = Debug|Any CPU
		{9BF26030-03D8-4EF4-8FE6-A5AD19F04993}.Debug|Any CPU.Build.0 = Debug|Any CPU
		{9BF26030-03D8-4EF4-8FE6-A5AD19F04993}.Release|Any CPU.ActiveCfg = Release|Any CPU
		{9BF26030-03D8-4EF4-8FE6-A5AD19F04993}.Release|Any CPU.Build.0 = Release|Any CPU
	EndGlobalSection
	GlobalSection(SolutionProperties) = preSolution
		HideSolutionNode = FALSE
	EndGlobalSection
	GlobalSection(ExtensibilityGlobals) = postSolution
		SolutionGuid = {4EFBB7A4-C9F0-4DB1-8493-062A64A1E2E4}
	EndGlobalSection
EndGlobal
